// !$*UTF8*$!
{
	archiveVersion = 1;
	classes = {
	};
	objectVersion = 50;
	objects = {

/* Begin PBXBuildFile section */
		CC8EF903247F5F3A00B16C6B /* AppDelegate.swift in Sources */ = {isa = PBXBuildFile; fileRef = CC8EF902247F5F3A00B16C6B /* AppDelegate.swift */; };
		CC8EF905247F5F3A00B16C6B /* SceneDelegate.swift in Sources */ = {isa = PBXBuildFile; fileRef = CC8EF904247F5F3A00B16C6B /* SceneDelegate.swift */; };
		CC8EF907247F5F3A00B16C6B /* ViewController.swift in Sources */ = {isa = PBXBuildFile; fileRef = CC8EF906247F5F3A00B16C6B /* ViewController.swift */; };
		CC8EF90A247F5F3A00B16C6B /* Main.storyboard in Resources */ = {isa = PBXBuildFile; fileRef = CC8EF908247F5F3A00B16C6B /* Main.storyboard */; };
		CC8EF90C247F5F3D00B16C6B /* Assets.xcassets in Resources */ = {isa = PBXBuildFile; fileRef = CC8EF90B247F5F3D00B16C6B /* Assets.xcassets */; };
		CC8EF90F247F5F3D00B16C6B /* LaunchScreen.storyboard in Resources */ = {isa = PBXBuildFile; fileRef = CC8EF90D247F5F3D00B16C6B /* LaunchScreen.storyboard */; };
/* End PBXBuildFile section */

/* Begin PBXFileReference section */
		CC8EF8FF247F5F3A00B16C6B /* iOSDesignSeminar_jy.app */ = {isa = PBXFileReference; explicitFileType = wrapper.application; includeInIndex = 0; path = iOSDesignSeminar_jy.app; sourceTree = BUILT_PRODUCTS_DIR; };
		CC8EF902247F5F3A00B16C6B /* AppDelegate.swift */ = {isa = PBXFileReference; lastKnownFileType = sourcecode.swift; path = AppDelegate.swift; sourceTree = "<group>"; };
		CC8EF904247F5F3A00B16C6B /* SceneDelegate.swift */ = {isa = PBXFileReference; lastKnownFileType = sourcecode.swift; path = SceneDelegate.swift; sourceTree = "<group>"; };
		CC8EF906247F5F3A00B16C6B /* ViewController.swift */ = {isa = PBXFileReference; lastKnownFileType = sourcecode.swift; path = ViewController.swift; sourceTree = "<group>"; };
		CC8EF909247F5F3A00B16C6B /* Base */ = {isa = PBXFileReference; lastKnownFileType = file.storyboard; name = Base; path = Base.lproj/Main.storyboard; sourceTree = "<group>"; };
		CC8EF90B247F5F3D00B16C6B /* Assets.xcassets */ = {isa = PBXFileReference; lastKnownFileType = folder.assetcatalog; path = Assets.xcassets; sourceTree = "<group>"; };
		CC8EF90E247F5F3D00B16C6B /* Base */ = {isa = PBXFileReference; lastKnownFileType = file.storyboard; name = Base; path = Base.lproj/LaunchScreen.storyboard; sourceTree = "<group>"; };
		CC8EF910247F5F3D00B16C6B /* Info.plist */ = {isa = PBXFileReference; lastKnownFileType = text.plist.xml; path = Info.plist; sourceTree = "<group>"; };
/* End PBXFileReference section */

/* Begin PBXFrameworksBuildPhase section */
		CC8EF8FC247F5F3A00B16C6B /* Frameworks */ = {
			isa = PBXFrameworksBuildPhase;
			buildActionMask = 2147483647;
			files = (
			);
			runOnlyForDeploymentPostprocessing = 0;
		};
/* End PBXFrameworksBuildPhase section */

/* Begin PBXGroup section */
		CC8EF8F6247F5F3A00B16C6B = {
			isa = PBXGroup;
			children = (
				CC8EF901247F5F3A00B16C6B /* iOSDesignSeminar_jy */,
				CC8EF900247F5F3A00B16C6B /* Products */,
			);
			sourceTree = "<group>";
		};
		CC8EF900247F5F3A00B16C6B /* Products */ = {
			isa = PBXGroup;
			children = (
				CC8EF8FF247F5F3A00B16C6B /* iOSDesignSeminar_jy.app */,
			);
			name = Products;
			sourceTree = "<group>";
		};
		CC8EF901247F5F3A00B16C6B /* iOSDesignSeminar_jy */ = {
			isa = PBXGroup;
			children = (
				CC8EF902247F5F3A00B16C6B /* AppDelegate.swift */,
				CC8EF904247F5F3A00B16C6B /* SceneDelegate.swift */,
				CC8EF906247F5F3A00B16C6B /* ViewController.swift */,
				CC8EF908247F5F3A00B16C6B /* Main.storyboard */,
				CC8EF90B247F5F3D00B16C6B /* Assets.xcassets */,
				CC8EF90D247F5F3D00B16C6B /* LaunchScreen.storyboard */,
				CC8EF910247F5F3D00B16C6B /* Info.plist */,
			);
			path = iOSDesignSeminar_jy;
			sourceTree = "<group>";
		};
/* End PBXGroup section */

/* Begin PBXNativeTarget section */
		CC8EF8FE247F5F3A00B16C6B /* iOSDesignSeminar_jy */ = {
			isa = PBXNativeTarget;
			buildConfigurationList = CC8EF913247F5F3D00B16C6B /* Build configuration list for PBXNativeTarget "iOSDesignSeminar_jy" */;
			buildPhases = (
				CC8EF8FB247F5F3A00B16C6B /* Sources */,
				CC8EF8FC247F5F3A00B16C6B /* Frameworks */,
				CC8EF8FD247F5F3A00B16C6B /* Resources */,
			);
			buildRules = (
			);
			dependencies = (
			);
			name = iOSDesignSeminar_jy;
			productName = iOSDesignSeminar_jy;
			productReference = CC8EF8FF247F5F3A00B16C6B /* iOSDesignSeminar_jy.app */;
			productType = "com.apple.product-type.application";
		};
/* End PBXNativeTarget section */

/* Begin PBXProject section */
		CC8EF8F7247F5F3A00B16C6B /* Project object */ = {
			isa = PBXProject;
			attributes = {
				LastSwiftUpdateCheck = 1140;
				LastUpgradeCheck = 1140;
				ORGANIZATIONNAME = "양지영";
				TargetAttributes = {
					CC8EF8FE247F5F3A00B16C6B = {
						CreatedOnToolsVersion = 11.4.1;
					};
				};
			};
			buildConfigurationList = CC8EF8FA247F5F3A00B16C6B /* Build configuration list for PBXProject "iOSDesignSeminar_jy" */;
			compatibilityVersion = "Xcode 9.3";
			developmentRegion = en;
			hasScannedForEncodings = 0;
			knownRegions = (
				en,
				Base,
			);
			mainGroup = CC8EF8F6247F5F3A00B16C6B;
			productRefGroup = CC8EF900247F5F3A00B16C6B /* Products */;
			projectDirPath = "";
			projectRoot = "";
			targets = (
				CC8EF8FE247F5F3A00B16C6B /* iOSDesignSeminar_jy */,
			);
		};
/* End PBXProject section */

/* Begin PBXResourcesBuildPhase section */
		CC8EF8FD247F5F3A00B16C6B /* Resources */ = {
			isa = PBXResourcesBuildPhase;
			buildActionMask = 2147483647;
			files = (
				CC8EF90F247F5F3D00B16C6B /* LaunchScreen.storyboard in Resources */,
				CC8EF90C247F5F3D00B16C6B /* Assets.xcassets in Resources */,
				CC8EF90A247F5F3A00B16C6B /* Main.storyboard in Resources */,
			);
			runOnlyForDeploymentPostprocessing = 0;
		};
/* End PBXResourcesBuildPhase section */

/* Begin PBXSourcesBuildPhase section */
		CC8EF8FB247F5F3A00B16C6B /* Sources */ = {
			isa = PBXSourcesBuildPhase;
			buildActionMask = 2147483647;
			files = (
				CC8EF907247F5F3A00B16C6B /* ViewController.swift in Sources */,
				CC8EF903247F5F3A00B16C6B /* AppDelegate.swift in Sources */,
				CC8EF905247F5F3A00B16C6B /* SceneDelegate.swift in Sources */,
			);
			runOnlyForDeploymentPostprocessing = 0;
		};
/* End PBXSourcesBuildPhase section */

/* Begin PBXVariantGroup section */
		CC8EF908247F5F3A00B16C6B /* Main.storyboard */ = {
			isa = PBXVariantGroup;
			children = (
				CC8EF909247F5F3A00B16C6B /* Base */,
			);
			name = Main.storyboard;
			sourceTree = "<group>";
		};
		CC8EF90D247F5F3D00B16C6B /* LaunchScreen.storyboard */ = {
			isa = PBXVariantGroup;
			children = (
				CC8EF90E247F5F3D00B16C6B /* Base */,
			);
			name = LaunchScreen.storyboard;
			sourceTree = "<group>";
		};
/* End PBXVariantGroup section */

/* Begin XCBuildConfiguration section */
		CC8EF911247F5F3D00B16C6B /* Debug */ = {
			isa = XCBuildConfiguration;
			buildSettings = {
				ALWAYS_SEARCH_USER_PATHS = NO;
				CLANG_ANALYZER_NONNULL = YES;
				CLANG_ANALYZER_NUMBER_OBJECT_CONVERSION = YES_AGGRESSIVE;
				CLANG_CXX_LANGUAGE_STANDARD = "gnu++14";
				CLANG_CXX_LIBRARY = "libc++";
				CLANG_ENABLE_MODULES = YES;
				CLANG_ENABLE_OBJC_ARC = YES;
				CLANG_ENABLE_OBJC_WEAK = YES;
				CLANG_WARN_BLOCK_CAPTURE_AUTORELEASING = YES;
				CLANG_WARN_BOOL_CONVERSION = YES;
				CLANG_WARN_COMMA = YES;
				CLANG_WARN_CONSTANT_CONVERSION = YES;
				CLANG_WARN_DEPRECATED_OBJC_IMPLEMENTATIONS = YES;
				CLANG_WARN_DIRECT_OBJC_ISA_USAGE = YES_ERROR;
				CLANG_WARN_DOCUMENTATION_COMMENTS = YES;
				CLANG_WARN_EMPTY_BODY = YES;
				CLANG_WARN_ENUM_CONVERSION = YES;
				CLANG_WARN_INFINITE_RECURSION = YES;
				CLANG_WARN_INT_CONVERSION = YES;
				CLANG_WARN_NON_LITERAL_NULL_CONVERSION = YES;
				CLANG_WARN_OBJC_IMPLICIT_RETAIN_SELF = YES;
				CLANG_WARN_OBJC_LITERAL_CONVERSION = YES;
				CLANG_WARN_OBJC_ROOT_CLASS = YES_ERROR;
				CLANG_WARN_RANGE_LOOP_ANALYSIS = YES;
				CLANG_WARN_STRICT_PROTOTYPES = YES;
				CLANG_WARN_SUSPICIOUS_MOVE = YES;
				CLANG_WARN_UNGUARDED_AVAILABILITY = YES_AGGRESSIVE;
				CLANG_WARN_UNREACHABLE_CODE = YES;
				CLANG_WARN__DUPLICATE_METHOD_MATCH = YES;
				COPY_PHASE_STRIP = NO;
				DEBUG_INFORMATION_FORMAT = dwarf;
				ENABLE_STRICT_OBJC_MSGSEND = YES;
				ENABLE_TESTABILITY = YES;
				GCC_C_LANGUAGE_STANDARD = gnu11;
				GCC_DYNAMIC_NO_PIC = NO;
				GCC_NO_COMMON_BLOCKS = YES;
				GCC_OPTIMIZATION_LEVEL = 0;
				GCC_PREPROCESSOR_DEFINITIONS = (
					"DEBUG=1",
					"$(inherited)",
				);
				GCC_WARN_64_TO_32_BIT_CONVERSION = YES;
				GCC_WARN_ABOUT_RETURN_TYPE = YES_ERROR;
				GCC_WARN_UNDECLARED_SELECTOR = YES;
				GCC_WARN_UNINITIALIZED_AUTOS = YES_AGGRESSIVE;
				GCC_WARN_UNUSED_FUNCTION = YES;
				GCC_WARN_UNUSED_VARIABLE = YES;
				IPHONEOS_DEPLOYMENT_TARGET = 13.4;
				MTL_ENABLE_DEBUG_INFO = INCLUDE_SOURCE;
				MTL_FAST_MATH = YES;
				ONLY_ACTIVE_ARCH = YES;
				SDKROOT = iphoneos;
				SWIFT_ACTIVE_COMPILATION_CONDITIONS = DEBUG;
				SWIFT_OPTIMIZATION_LEVEL = "-Onone";
			};
			name = Debug;
		};
		CC8EF912247F5F3D00B16C6B /* Release */ = {
			isa = XCBuildConfiguration;
			buildSettings = {
				ALWAYS_SEARCH_USER_PATHS = NO;
				CLANG_ANALYZER_NONNULL = YES;
				CLANG_ANALYZER_NUMBER_OBJECT_CONVERSION = YES_AGGRESSIVE;
				CLANG_CXX_LANGUAGE_STANDARD = "gnu++14";
				CLANG_CXX_LIBRARY = "libc++";
				CLANG_ENABLE_MODULES = YES;
				CLANG_ENABLE_OBJC_ARC = YES;
				CLANG_ENABLE_OBJC_WEAK = YES;
				CLANG_WARN_BLOCK_CAPTURE_AUTORELEASING = YES;
				CLANG_WARN_BOOL_CONVERSION = YES;
				CLANG_WARN_COMMA = YES;
				CLANG_WARN_CONSTANT_CONVERSION = YES;
				CLANG_WARN_DEPRECATED_OBJC_IMPLEMENTATIONS = YES;
				CLANG_WARN_DIRECT_OBJC_ISA_USAGE = YES_ERROR;
				CLANG_WARN_DOCUMENTATION_COMMENTS = YES;
				CLANG_WARN_EMPTY_BODY = YES;
				CLANG_WARN_ENUM_CONVERSION = YES;
				CLANG_WARN_INFINITE_RECURSION = YES;
				CLANG_WARN_INT_CONVERSION = YES;
				CLANG_WARN_NON_LITERAL_NULL_CONVERSION = YES;
				CLANG_WARN_OBJC_IMPLICIT_RETAIN_SELF = YES;
				CLANG_WARN_OBJC_LITERAL_CONVERSION = YES;
				CLANG_WARN_OBJC_ROOT_CLASS = YES_ERROR;
				CLANG_WARN_RANGE_LOOP_ANALYSIS = YES;
				CLANG_WARN_STRICT_PROTOTYPES = YES;
				CLANG_WARN_SUSPICIOUS_MOVE = YES;
				CLANG_WARN_UNGUARDED_AVAILABILITY = YES_AGGRESSIVE;
				CLANG_WARN_UNREACHABLE_CODE = YES;
				CLANG_WARN__DUPLICATE_METHOD_MATCH = YES;
				COPY_PHASE_STRIP = NO;
				DEBUG_INFORMATION_FORMAT = "dwarf-with-dsym";
				ENABLE_NS_ASSERTIONS = NO;
				ENABLE_STRICT_OBJC_MSGSEND = YES;
				GCC_C_LANGUAGE_STANDARD = gnu11;
				GCC_NO_COMMON_BLOCKS = YES;
				GCC_WARN_64_TO_32_BIT_CONVERSION = YES;
				GCC_WARN_ABOUT_RETURN_TYPE = YES_ERROR;
				GCC_WARN_UNDECLARED_SELECTOR = YES;
				GCC_WARN_UNINITIALIZED_AUTOS = YES_AGGRESSIVE;
				GCC_WARN_UNUSED_FUNCTION = YES;
				GCC_WARN_UNUSED_VARIABLE = YES;
				IPHONEOS_DEPLOYMENT_TARGET = 13.4;
				MTL_ENABLE_DEBUG_INFO = NO;
				MTL_FAST_MATH = YES;
				SDKROOT = iphoneos;
				SWIFT_COMPILATION_MODE = wholemodule;
				SWIFT_OPTIMIZATION_LEVEL = "-O";
				VALIDATE_PRODUCT = YES;
			};
			name = Release;
		};
		CC8EF914247F5F3D00B16C6B /* Debug */ = {
			isa = XCBuildConfiguration;
			buildSettings = {
				ASSETCATALOG_COMPILER_APPICON_NAME = AppIcon;
				CODE_SIGN_STYLE = Automatic;
				INFOPLIST_FILE = iOSDesignSeminar_jy/Info.plist;
				LD_RUNPATH_SEARCH_PATHS = (
					"$(inherited)",
					"@executable_path/Frameworks",
				);
				PRODUCT_BUNDLE_IDENTIFIER = "jyyang.iOSDesignSeminar-jy";
				PRODUCT_NAME = "$(TARGET_NAME)";
				SWIFT_VERSION = 5.0;
				TARGETED_DEVICE_FAMILY = "1,2";
			};
			name = Debug;
		};
		CC8EF915247F5F3D00B16C6B /* Release */ = {
			isa = XCBuildConfiguration;
			buildSettings = {
				ASSETCATALOG_COMPILER_APPICON_NAME = AppIcon;
				CODE_SIGN_STYLE = Automatic;
				INFOPLIST_FILE = iOSDesignSeminar_jy/Info.plist;
				LD_RUNPATH_SEARCH_PATHS = (
					"$(inherited)",
					"@executable_path/Frameworks",
				);
				PRODUCT_BUNDLE_IDENTIFIER = "jyyang.iOSDesignSeminar-jy";
				PRODUCT_NAME = "$(TARGET_NAME)";
				SWIFT_VERSION = 5.0;
				TARGETED_DEVICE_FAMILY = "1,2";
			};
			name = Release;
		};
/* End XCBuildConfiguration section */

/* Begin XCConfigurationList section */
		CC8EF8FA247F5F3A00B16C6B /* Build configuration list for PBXProject "iOSDesignSeminar_jy" */ = {
			isa = XCConfigurationList;
			buildConfigurations = (
				CC8EF911247F5F3D00B16C6B /* Debug */,
				CC8EF912247F5F3D00B16C6B /* Release */,
			);
			defaultConfigurationIsVisible = 0;
			defaultConfigurationName = Release;
		};
		CC8EF913247F5F3D00B16C6B /* Build configuration list for PBXNativeTarget "iOSDesignSeminar_jy" */ = {
			isa = XCConfigurationList;
			buildConfigurations = (
				CC8EF914247F5F3D00B16C6B /* Debug */,
				CC8EF915247F5F3D00B16C6B /* Release */,
			);
			defaultConfigurationIsVisible = 0;
			defaultConfigurationName = Release;
		};
/* End XCConfigurationList section */
	};
	rootObject = CC8EF8F7247F5F3A00B16C6B /* Project object */;
}
